
Microsoft Visual Studio Solution File, Format Version 12.00
# Visual Studio 15
VisualStudioVersion = 15.0.26430.4
MinimumVisualStudioVersion = 10.0.40219.1
Project("{FAE04EC0-301F-11D3-BF4B-00C04F79EFBC}") = "01.RabbitHole", "01.RabbitHole\01.RabbitHole.csproj", "{4F862E9A-C4AB-4751-84B8-395C9DC03904}"
EndProject
Project("{FAE04EC0-301F-11D3-BF4B-00C04F79EFBC}") = "02.JapaneseRoulette", "02.JapaneseRoulette\02.JapaneseRoulette.csproj", "{8A5CFD97-F80D-4C41-85B9-7BE0CF541843}"
EndProject
Project("{FAE04EC0-301F-11D3-BF4B-00C04F79EFBC}") = "03.IncreasingCrisis", "03.IncreasingCrisis\03.IncreasingCrisis.csproj", "{0F22C957-1F51-475C-AB97-85F9F7DE92EF}"
EndProject
Project("{FAE04EC0-301F-11D3-BF4B-00C04F79EFBC}") = "04.Extremums", "04.Extremums\04.Extremums.csproj", "{0A93B50A-ECBB-4F4E-BDB7-7A9A78E0172A}"
EndProject
Global
	GlobalSection(SolutionConfigurationPlatforms) = preSolution
		Debug|Any CPU = Debug|Any CPU
		Release|Any CPU = Release|Any CPU
	EndGlobalSection
	GlobalSection(ProjectConfigurationPlatforms) = postSolution
		{4F862E9A-C4AB-4751-84B8-395C9DC03904}.Debug|Any CPU.ActiveCfg = Debug|Any CPU
		{4F862E9A-C4AB-4751-84B8-395C9DC03904}.Debug|Any CPU.Build.0 = Debug|Any CPU
		{4F862E9A-C4AB-4751-84B8-395C9DC03904}.Release|Any CPU.ActiveCfg = Release|Any CPU
		{4F862E9A-C4AB-4751-84B8-395C9DC03904}.Release|Any CPU.Build.0 = Release|Any CPU
		{8A5CFD97-F80D-4C41-85B9-7BE0CF541843}.Debug|Any CPU.ActiveCfg = Debug|Any CPU
		{8A5CFD97-F80D-4C41-85B9-7BE0CF541843}.Debug|Any CPU.Build.0 = Debug|Any CPU
		{8A5CFD97-F80D-4C41-85B9-7BE0CF541843}.Release|Any CPU.ActiveCfg = Release|Any CPU
		{8A5CFD97-F80D-4C41-85B9-7BE0CF541843}.Release|Any CPU.Build.0 = Release|Any CPU
		{0F22C957-1F51-475C-AB97-85F9F7DE92EF}.Debug|Any CPU.ActiveCfg = Debug|Any CPU
		{0F22C957-1F51-475C-AB97-85F9F7DE92EF}.Debug|Any CPU.Build.0 = Debug|Any CPU
		{0F22C957-1F51-475C-AB97-85F9F7DE92EF}.Release|Any CPU.ActiveCfg = Release|Any CPU
		{0F22C957-1F51-475C-AB97-85F9F7DE92EF}.Release|Any CPU.Build.0 = Release|Any CPU
		{0A93B50A-ECBB-4F4E-BDB7-7A9A78E0172A}.Debug|Any CPU.ActiveCfg = Debug|Any CPU
		{0A93B50A-ECBB-4F4E-BDB7-7A9A78E0172A}.Debug|Any CPU.Build.0 = Debug|Any CPU
		{0A93B50A-ECBB-4F4E-BDB7-7A9A78E0172A}.Release|Any CPU.ActiveCfg = Release|Any CPU
		{0A93B50A-ECBB-4F4E-BDB7-7A9A78E0172A}.Release|Any CPU.Build.0 = Release|Any CPU
	EndGlobalSection
	GlobalSection(SolutionProperties) = preSolution
		HideSolutionNode = FALSE
	EndGlobalSection
EndGlobal
